
Microsoft Visual Studio Solution File, Format Version 12.00
# Visual Studio Version 16
VisualStudioVersion = 16.0.31205.134
MinimumVisualStudioVersion = 10.0.40219.1
Project("{2150E333-8FDC-42A3-9474-1A3956D46DE8}") = "ASP.Net_WebForms", "ASP.Net_WebForms", "{6AEDE3DC-92C5-4BDA-900B-23B94CD1BB1A}"
EndProject
Project("{2150E333-8FDC-42A3-9474-1A3956D46DE8}") = "ASP.Net_MVC", "ASP.Net_MVC", "{6B5708E2-87DF-41F6-A56D-32C40F8F3EEE}"
EndProject
Project("{2150E333-8FDC-42A3-9474-1A3956D46DE8}") = "ASP.Net_ControlTask", "ASP.Net_ControlTask", "{224A6B73-541C-42F9-9917-05C90151BF38}"
EndProject
Project("{2150E333-8FDC-42A3-9474-1A3956D46DE8}") = "LabWorking01", "LabWorking01", "{CE285715-412E-4132-8211-D7C66F919D7E}"
EndProject
Project("{2150E333-8FDC-42A3-9474-1A3956D46DE8}") = "LabWorking02", "LabWorking02", "{BDA8E32F-ABC9-48C5-82EA-3094C298A0BF}"
EndProject
Project("{2150E333-8FDC-42A3-9474-1A3956D46DE8}") = "LabWorking03", "LabWorking03", "{4BA3FD0E-0390-434D-BCEF-40A648670B3A}"
EndProject
Project("{2150E333-8FDC-42A3-9474-1A3956D46DE8}") = "LabWorking04", "LabWorking04", "{33BE6221-C2A5-45AD-A02E-FCF073734E69}"
EndProject
Project("{2150E333-8FDC-42A3-9474-1A3956D46DE8}") = "LabWorking05", "LabWorking05", "{29C63AD8-950C-4FA7-9B85-DD13880F94EB}"
EndProject
Project("{2150E333-8FDC-42A3-9474-1A3956D46DE8}") = "LabWorking06", "LabWorking06", "{EFD603AD-81D7-4CBA-8EF9-46E1F3656A98}"
EndProject
Project("{2150E333-8FDC-42A3-9474-1A3956D46DE8}") = "LabWorking07", "LabWorking07", "{45B4D4E1-0C9E-44CF-8C85-FE4574A9E0D7}"
EndProject
Project("{FAE04EC0-301F-11D3-BF4B-00C04F79EFBC}") = "RSVPSeminarsWebsite", "ITMO.Learning.ASP\ASP.Net_WebForms\RSVPSeminarsWebsite\RSVPSeminarsWebsite.csproj", "{30017166-E800-4239-B509-4F268C4B43B0}"
EndProject
Project("{FAE04EC0-301F-11D3-BF4B-00C04F79EFBC}") = "StudentPerformanceWebsite", "ITMO.Learning.ASP\ASP.Net_ControlTask\StudentPerformanceWebsite\StudentPerformanceWebsite.csproj", "{21CDE1B4-7999-4C2F-B2FA-470D9C3C10FC}"
EndProject
Global
	GlobalSection(SolutionConfigurationPlatforms) = preSolution
		Debug|Any CPU = Debug|Any CPU
		Release|Any CPU = Release|Any CPU
	EndGlobalSection
	GlobalSection(ProjectConfigurationPlatforms) = postSolution
		{30017166-E800-4239-B509-4F268C4B43B0}.Debug|Any CPU.ActiveCfg = Debug|Any CPU
		{30017166-E800-4239-B509-4F268C4B43B0}.Debug|Any CPU.Build.0 = Debug|Any CPU
		{30017166-E800-4239-B509-4F268C4B43B0}.Release|Any CPU.ActiveCfg = Release|Any CPU
		{30017166-E800-4239-B509-4F268C4B43B0}.Release|Any CPU.Build.0 = Release|Any CPU
		{21CDE1B4-7999-4C2F-B2FA-470D9C3C10FC}.Debug|Any CPU.ActiveCfg = Debug|Any CPU
		{21CDE1B4-7999-4C2F-B2FA-470D9C3C10FC}.Debug|Any CPU.Build.0 = Debug|Any CPU
		{21CDE1B4-7999-4C2F-B2FA-470D9C3C10FC}.Release|Any CPU.ActiveCfg = Release|Any CPU
		{21CDE1B4-7999-4C2F-B2FA-470D9C3C10FC}.Release|Any CPU.Build.0 = Release|Any CPU
	EndGlobalSection
	GlobalSection(SolutionProperties) = preSolution
		HideSolutionNode = FALSE
	EndGlobalSection
	GlobalSection(NestedProjects) = preSolution
		{CE285715-412E-4132-8211-D7C66F919D7E} = {6B5708E2-87DF-41F6-A56D-32C40F8F3EEE}
		{BDA8E32F-ABC9-48C5-82EA-3094C298A0BF} = {6B5708E2-87DF-41F6-A56D-32C40F8F3EEE}
		{4BA3FD0E-0390-434D-BCEF-40A648670B3A} = {6B5708E2-87DF-41F6-A56D-32C40F8F3EEE}
		{33BE6221-C2A5-45AD-A02E-FCF073734E69} = {6B5708E2-87DF-41F6-A56D-32C40F8F3EEE}
		{29C63AD8-950C-4FA7-9B85-DD13880F94EB} = {6B5708E2-87DF-41F6-A56D-32C40F8F3EEE}
		{EFD603AD-81D7-4CBA-8EF9-46E1F3656A98} = {6B5708E2-87DF-41F6-A56D-32C40F8F3EEE}
		{45B4D4E1-0C9E-44CF-8C85-FE4574A9E0D7} = {6B5708E2-87DF-41F6-A56D-32C40F8F3EEE}
		{30017166-E800-4239-B509-4F268C4B43B0} = {6AEDE3DC-92C5-4BDA-900B-23B94CD1BB1A}
		{21CDE1B4-7999-4C2F-B2FA-470D9C3C10FC} = {224A6B73-541C-42F9-9917-05C90151BF38}
	EndGlobalSection
	GlobalSection(ExtensibilityGlobals) = postSolution
		SolutionGuid = {6670535C-DC6B-41DF-A7A5-F4638BB7029E}
	EndGlobalSection
EndGlobal
